
Microsoft Visual Studio Solution File, Format Version 12.00
# Visual Studio Version 16
VisualStudioVersion = 16.0.31702.278
MinimumVisualStudioVersion = 10.0.40219.1
Project("{9A19103F-16F7-4668-BE54-9A1E7A4F7556}") = "App", "App\App.csproj", "{930FA5A0-9FED-4754-951F-1033437D20C1}"
EndProject
Project("{9A19103F-16F7-4668-BE54-9A1E7A4F7556}") = "Script", "Script\Script.csproj", "{BAD1AAD5-5289-46A0-8C1A-B15D382D17A8}"
EndProject
Project("{2150E333-8FDC-42A3-9474-1A3956D46DE8}") = "DocFiles", "DocFiles", "{469A9139-FFD7-49A6-A446-4996A455F8C1}"
	ProjectSection(SolutionItems) = preProject
		DocFiles\Custom.md = DocFiles\Custom.md
		DocFiles\Internals.md = DocFiles\Internals.md
		DocFiles\NProcessing.md = DocFiles\NProcessing.md
		DocFiles\Porting.md = DocFiles\Porting.md
		DocFiles\ScriptApi.md = DocFiles\ScriptApi.md
		DocFiles\ScriptSyntax.md = DocFiles\ScriptSyntax.md
	EndProjectSection
EndProject
Global
	GlobalSection(SolutionConfigurationPlatforms) = preSolution
		Debug|Any CPU = Debug|Any CPU
		Release|Any CPU = Release|Any CPU
	EndGlobalSection
	GlobalSection(ProjectConfigurationPlatforms) = postSolution
		{930FA5A0-9FED-4754-951F-1033437D20C1}.Debug|Any CPU.ActiveCfg = Debug|Any CPU
		{930FA5A0-9FED-4754-951F-1033437D20C1}.Debug|Any CPU.Build.0 = Debug|Any CPU
		{930FA5A0-9FED-4754-951F-1033437D20C1}.Release|Any CPU.ActiveCfg = Release|Any CPU
		{930FA5A0-9FED-4754-951F-1033437D20C1}.Release|Any CPU.Build.0 = Release|Any CPU
		{BAD1AAD5-5289-46A0-8C1A-B15D382D17A8}.Debug|Any CPU.ActiveCfg = Debug|Any CPU
		{BAD1AAD5-5289-46A0-8C1A-B15D382D17A8}.Debug|Any CPU.Build.0 = Debug|Any CPU
		{BAD1AAD5-5289-46A0-8C1A-B15D382D17A8}.Release|Any CPU.ActiveCfg = Release|Any CPU
		{BAD1AAD5-5289-46A0-8C1A-B15D382D17A8}.Release|Any CPU.Build.0 = Release|Any CPU
	EndGlobalSection
	GlobalSection(SolutionProperties) = preSolution
		HideSolutionNode = FALSE
	EndGlobalSection
	GlobalSection(ExtensibilityGlobals) = postSolution
		SolutionGuid = {BFB84F2C-02B7-4C72-9CA3-7D29EB15F1F9}
	EndGlobalSection
EndGlobal
